// !$*UTF8*$!
{
	archiveVersion = 1;
	classes = {
	};
	objectVersion = 45;
	objects = {

/* Begin PBXAggregateTarget section */
		6C15690C0F0ED50C009C7B5F /* Release */ = {
			isa = PBXAggregateTarget;
			buildConfigurationList = 6C1569150F0ED54E009C7B5F /* Build configuration list for PBXAggregateTarget "Release" */;
			buildPhases = (
				6C15691F0F0ED577009C7B5F /* Create zip */,
			);
			dependencies = (
				6C1569100F0ED513009C7B5F /* PBXTargetDependency */,
			);
			name = Release;
			productName = Release;
		};
/* End PBXAggregateTarget section */

/* Begin PBXBuildFile section */
		6C2928500F1A45C000B5059B /* MainMenu.xib in Resources */ = {isa = PBXBuildFile; fileRef = 6C29284E0F1A45C000B5059B /* MainMenu.xib */; };
		6C292AA00F1D15CD00B5059B /* Help.css in Resources */ = {isa = PBXBuildFile; fileRef = 6C292A9F0F1D15CD00B5059B /* Help.css */; };
		6C54D7D50BBAFCF200D4B7F2 /* VersionChecker.m in Sources */ = {isa = PBXBuildFile; fileRef = 6C54D7D40BBAFCF200D4B7F2 /* VersionChecker.m */; };
		6C54D7E00BBAFD0A00D4B7F2 /* VersionChecker.strings in Resources */ = {isa = PBXBuildFile; fileRef = 6C54D7DE0BBAFD0A00D4B7F2 /* VersionChecker.strings */; };
		6C916E650F58C384003EA1EB /* work.png in Resources */ = {isa = PBXBuildFile; fileRef = 6C916E630F58C384003EA1EB /* work.png */; };
		6C916E660F58C384003EA1EB /* home.png in Resources */ = {isa = PBXBuildFile; fileRef = 6C916E640F58C384003EA1EB /* home.png */; };
		6C916EBE0F5963A4003EA1EB /* Icon Large.icns in Resources */ = {isa = PBXBuildFile; fileRef = 6C916EBD0F5963A4003EA1EB /* Icon Large.icns */; };
		6CEABD5C0BB322240059641A /* Magic.m in Sources */ = {isa = PBXBuildFile; fileRef = 6CEABD5B0BB322240059641A /* Magic.m */; };
		6CEABD780BB322BC0059641A /* AddressBook.framework in Frameworks */ = {isa = PBXBuildFile; fileRef = 6CEABD770BB322BC0059641A /* AddressBook.framework */; };
		6CEAC2740BB4B3290059641A /* Localizable.strings in Resources */ = {isa = PBXBuildFile; fileRef = 6CEAC2720BB4B3290059641A /* Localizable.strings */; };
		6CFB92660BBC498100191CDD /* readme.html in Resources */ = {isa = PBXBuildFile; fileRef = 6CFB92650BBC498100191CDD /* readme.html */; };
		6CFB92680BBC499100191CDD /* Credits.html in Resources */ = {isa = PBXBuildFile; fileRef = 6CFB92670BBC499100191CDD /* Credits.html */; };
		8D11072B0486CEB800E47090 /* InfoPlist.strings in Resources */ = {isa = PBXBuildFile; fileRef = 089C165CFE840E0CC02AAC07 /* InfoPlist.strings */; };
		8D11072D0486CEB800E47090 /* main.m in Sources */ = {isa = PBXBuildFile; fileRef = 29B97316FDCFA39411CA2CEA /* main.m */; settings = {ATTRIBUTES = (); }; };
		8D11072F0486CEB800E47090 /* Cocoa.framework in Frameworks */ = {isa = PBXBuildFile; fileRef = 1058C7A1FEA54F0111CA2CBB /* Cocoa.framework */; };
/* End PBXBuildFile section */

/* Begin PBXContainerItemProxy section */
		6C15690F0F0ED513009C7B5F /* PBXContainerItemProxy */ = {
			isa = PBXContainerItemProxy;
			containerPortal = 29B97313FDCFA39411CA2CEA /* Project object */;
			proxyType = 1;
			remoteGlobalIDString = 8D1107260486CEB800E47090;
			remoteInfo = EA;
		};
/* End PBXContainerItemProxy section */

/* Begin PBXFileReference section */
		1058C7A1FEA54F0111CA2CBB /* Cocoa.framework */ = {isa = PBXFileReference; lastKnownFileType = wrapper.framework; name = Cocoa.framework; path = /System/Library/Frameworks/Cocoa.framework; sourceTree = "<absolute>"; };
		13E42FB307B3F0F600E4EEF1 /* CoreData.framework */ = {isa = PBXFileReference; lastKnownFileType = wrapper.framework; name = CoreData.framework; path = /System/Library/Frameworks/CoreData.framework; sourceTree = "<absolute>"; };
		29B97316FDCFA39411CA2CEA /* main.m */ = {isa = PBXFileReference; fileEncoding = 4; lastKnownFileType = sourcecode.c.objc; path = main.m; sourceTree = "<group>"; };
		29B97324FDCFA39411CA2CEA /* AppKit.framework */ = {isa = PBXFileReference; lastKnownFileType = wrapper.framework; name = AppKit.framework; path = /System/Library/Frameworks/AppKit.framework; sourceTree = "<absolute>"; };
		29B97325FDCFA39411CA2CEA /* Foundation.framework */ = {isa = PBXFileReference; lastKnownFileType = wrapper.framework; name = Foundation.framework; path = /System/Library/Frameworks/Foundation.framework; sourceTree = "<absolute>"; };
		32CA4F630368D1EE00C91783 /* EA_Prefix.pch */ = {isa = PBXFileReference; fileEncoding = 4; lastKnownFileType = sourcecode.c.h; path = EA_Prefix.pch; sourceTree = "<group>"; };
		6C1569DB0F0F025F009C7B5F /* en */ = {isa = PBXFileReference; fileEncoding = 4; lastKnownFileType = text.html; name = en; path = en.lproj/Credits.html; sourceTree = "<group>"; };
		6C1569DC0F0F026C009C7B5F /* de */ = {isa = PBXFileReference; fileEncoding = 4; lastKnownFileType = text.html; name = de; path = de.lproj/Credits.html; sourceTree = "<group>"; };
		6C1569DD0F0F026E009C7B5F /* fr */ = {isa = PBXFileReference; fileEncoding = 4; lastKnownFileType = text.html; name = fr; path = fr.lproj/Credits.html; sourceTree = "<group>"; };
		6C1569E30F0F0293009C7B5F /* en */ = {isa = PBXFileReference; fileEncoding = 4; lastKnownFileType = text.html; name = en; path = en.lproj/readme.html; sourceTree = "<group>"; };
		6C1569E40F0F0295009C7B5F /* de */ = {isa = PBXFileReference; fileEncoding = 4; lastKnownFileType = text.html; name = de; path = de.lproj/readme.html; sourceTree = "<group>"; };
		6C1569E50F0F029D009C7B5F /* de */ = {isa = PBXFileReference; fileEncoding = 4; lastKnownFileType = text.plist.strings; name = de; path = de.lproj/VersionChecker.strings; sourceTree = "<group>"; };
		6C1569E60F0F029E009C7B5F /* fr */ = {isa = PBXFileReference; fileEncoding = 4; lastKnownFileType = text.plist.strings; name = fr; path = fr.lproj/VersionChecker.strings; sourceTree = "<group>"; };
		6C1569E70F0F02A1009C7B5F /* en */ = {isa = PBXFileReference; fileEncoding = 4; lastKnownFileType = text.plist.strings; name = en; path = en.lproj/VersionChecker.strings; sourceTree = "<group>"; };
		6C1569E80F0F02A9009C7B5F /* de */ = {isa = PBXFileReference; fileEncoding = 4; lastKnownFileType = text.plist.strings; name = de; path = de.lproj/Localizable.strings; sourceTree = "<group>"; };
		6C1569E90F0F02AB009C7B5F /* en */ = {isa = PBXFileReference; fileEncoding = 4; lastKnownFileType = text.plist.strings; name = en; path = en.lproj/Localizable.strings; sourceTree = "<group>"; };
		6C1569EA0F0F02AD009C7B5F /* fr */ = {isa = PBXFileReference; fileEncoding = 4; lastKnownFileType = text.plist.strings; name = fr; path = fr.lproj/Localizable.strings; sourceTree = "<group>"; };
		6C1569EB0F0F02BC009C7B5F /* en */ = {isa = PBXFileReference; fileEncoding = 4; lastKnownFileType = text.plist.strings; name = en; path = en.lproj/InfoPlist.strings; sourceTree = "<group>"; };
		6C1569EC0F0F02BD009C7B5F /* de */ = {isa = PBXFileReference; fileEncoding = 4; lastKnownFileType = text.plist.strings; name = de; path = de.lproj/InfoPlist.strings; sourceTree = "<group>"; };
		6C1569ED0F0F02BF009C7B5F /* fr */ = {isa = PBXFileReference; fileEncoding = 4; lastKnownFileType = text.plist.strings; name = fr; path = fr.lproj/InfoPlist.strings; sourceTree = "<group>"; };
		6C26C4220BB711AC0001C5D3 /* plans */ = {isa = PBXFileReference; fileEncoding = 4; lastKnownFileType = text; path = plans; sourceTree = "<group>"; };
		6C29284F0F1A45C000B5059B /* de */ = {isa = PBXFileReference; lastKnownFileType = file.xib; name = de; path = de.lproj/MainMenu.xib; sourceTree = "<group>"; };
		6C2928530F1A45DD00B5059B /* en */ = {isa = PBXFileReference; lastKnownFileType = file.xib; name = en; path = en.lproj/MainMenu.xib; sourceTree = "<group>"; };
		6C2928540F1A463300B5059B /* fr */ = {isa = PBXFileReference; lastKnownFileType = file.xib; name = fr; path = fr.lproj/MainMenu.xib; sourceTree = "<group>"; };
		6C292A9F0F1D15CD00B5059B /* Help.css */ = {isa = PBXFileReference; fileEncoding = 4; lastKnownFileType = text.css; path = Help.css; sourceTree = "<group>"; };
		6C54D7D30BBAFCF200D4B7F2 /* VersionChecker.h */ = {isa = PBXFileReference; fileEncoding = 4; lastKnownFileType = sourcecode.c.h; path = VersionChecker.h; sourceTree = "<group>"; };
		6C54D7D40BBAFCF200D4B7F2 /* VersionChecker.m */ = {isa = PBXFileReference; fileEncoding = 4; lastKnownFileType = sourcecode.c.objc; path = VersionChecker.m; sourceTree = "<group>"; };
		6C916E630F58C384003EA1EB /* work.png */ = {isa = PBXFileReference; lastKnownFileType = image.png; name = work.png; path = Graphics/work.png; sourceTree = "<group>"; };
		6C916E640F58C384003EA1EB /* home.png */ = {isa = PBXFileReference; lastKnownFileType = image.png; name = home.png; path = Graphics/home.png; sourceTree = "<group>"; };
		6C916EBD0F5963A4003EA1EB /* Icon Large.icns */ = {isa = PBXFileReference; lastKnownFileType = image.icns; name = "Icon Large.icns"; path = "Icon/Icon Large.icns"; sourceTree = "<group>"; };
		6CEABD5A0BB322240059641A /* Magic.h */ = {isa = PBXFileReference; fileEncoding = 30; lastKnownFileType = sourcecode.c.h; path = Magic.h; sourceTree = "<group>"; };
		6CEABD5B0BB322240059641A /* Magic.m */ = {isa = PBXFileReference; fileEncoding = 30; lastKnownFileType = sourcecode.c.objc; path = Magic.m; sourceTree = "<group>"; };
		6CEABD770BB322BC0059641A /* AddressBook.framework */ = {isa = PBXFileReference; lastKnownFileType = wrapper.framework; name = AddressBook.framework; path = /System/Library/Frameworks/AddressBook.framework; sourceTree = "<absolute>"; };
		8D1107310486CEB800E47090 /* Info.plist */ = {isa = PBXFileReference; fileEncoding = 4; lastKnownFileType = text.plist; path = Info.plist; sourceTree = "<group>"; };
		8D1107320486CEB800E47090 /* Earth Addresser.app */ = {isa = PBXFileReference; explicitFileType = wrapper.application; includeInIndex = 0; path = "Earth Addresser.app"; sourceTree = BUILT_PRODUCTS_DIR; };
/* End PBXFileReference section */

/* Begin PBXFrameworksBuildPhase section */
		8D11072E0486CEB800E47090 /* Frameworks */ = {
			isa = PBXFrameworksBuildPhase;
			buildActionMask = 2147483647;
			files = (
				8D11072F0486CEB800E47090 /* Cocoa.framework in Frameworks */,
				6CEABD780BB322BC0059641A /* AddressBook.framework in Frameworks */,
			);
			runOnlyForDeploymentPostprocessing = 0;
		};
/* End PBXFrameworksBuildPhase section */

/* Begin PBXGroup section */
		080E96DDFE201D6D7F000001 /* Classes */ = {
			isa = PBXGroup;
			children = (
				32CA4F630368D1EE00C91783 /* EA_Prefix.pch */,
				29B97316FDCFA39411CA2CEA /* main.m */,
				6CEABD5A0BB322240059641A /* Magic.h */,
				6CEABD5B0BB322240059641A /* Magic.m */,
				6C54D7D30BBAFCF200D4B7F2 /* VersionChecker.h */,
				6C54D7D40BBAFCF200D4B7F2 /* VersionChecker.m */,
			);
			name = Classes;
			sourceTree = "<group>";
		};
		1058C7A0FEA54F0111CA2CBB /* Linked Frameworks */ = {
			isa = PBXGroup;
			children = (
				6CEABD770BB322BC0059641A /* AddressBook.framework */,
				1058C7A1FEA54F0111CA2CBB /* Cocoa.framework */,
			);
			name = "Linked Frameworks";
			sourceTree = "<group>";
		};
		1058C7A2FEA54F0111CA2CBB /* Other Frameworks */ = {
			isa = PBXGroup;
			children = (
				29B97324FDCFA39411CA2CEA /* AppKit.framework */,
				13E42FB307B3F0F600E4EEF1 /* CoreData.framework */,
				29B97325FDCFA39411CA2CEA /* Foundation.framework */,
			);
			name = "Other Frameworks";
			sourceTree = "<group>";
		};
		19C28FACFE9D520D11CA2CBB /* Products */ = {
			isa = PBXGroup;
			children = (
				8D1107320486CEB800E47090 /* Earth Addresser.app */,
			);
			name = Products;
			sourceTree = "<group>";
		};
		29B97314FDCFA39411CA2CEA /* EA */ = {
			isa = PBXGroup;
			children = (
				6C26C4220BB711AC0001C5D3 /* plans */,
				080E96DDFE201D6D7F000001 /* Classes */,
				29B97317FDCFA39411CA2CEA /* Resources */,
				29B97323FDCFA39411CA2CEA /* Frameworks */,
				19C28FACFE9D520D11CA2CBB /* Products */,
			);
			name = EA;
			sourceTree = "<group>";
		};
		29B97317FDCFA39411CA2CEA /* Resources */ = {
			isa = PBXGroup;
			children = (
				6CEAC2720BB4B3290059641A /* Localizable.strings */,
				6C54D7DE0BBAFD0A00D4B7F2 /* VersionChecker.strings */,
				6CFB92650BBC498100191CDD /* readme.html */,
				8D1107310486CEB800E47090 /* Info.plist */,
				089C165CFE840E0CC02AAC07 /* InfoPlist.strings */,
				6C29284E0F1A45C000B5059B /* MainMenu.xib */,
				6CFB92670BBC499100191CDD /* Credits.html */,
				6C916EBD0F5963A4003EA1EB /* Icon Large.icns */,
				6C916E630F58C384003EA1EB /* work.png */,
				6C916E640F58C384003EA1EB /* home.png */,
				6C292A9F0F1D15CD00B5059B /* Help.css */,
			);
			name = Resources;
			sourceTree = "<group>";
		};
		29B97323FDCFA39411CA2CEA /* Frameworks */ = {
			isa = PBXGroup;
			children = (
				1058C7A0FEA54F0111CA2CBB /* Linked Frameworks */,
				1058C7A2FEA54F0111CA2CBB /* Other Frameworks */,
			);
			name = Frameworks;
			sourceTree = "<group>";
		};
/* End PBXGroup section */

/* Begin PBXNativeTarget section */
		8D1107260486CEB800E47090 /* EA */ = {
			isa = PBXNativeTarget;
			buildConfigurationList = C01FCF4A08A954540054247B /* Build configuration list for PBXNativeTarget "EA" */;
			buildPhases = (
				8D1107290486CEB800E47090 /* Resources */,
				8D11072C0486CEB800E47090 /* Sources */,
				8D11072E0486CEB800E47090 /* Frameworks */,
			);
			buildRules = (
			);
			dependencies = (
			);
			name = EA;
			productInstallPath = "$(HOME)/Applications";
			productName = EA;
			productReference = 8D1107320486CEB800E47090 /* Earth Addresser.app */;
			productType = "com.apple.product-type.application";
		};
/* End PBXNativeTarget section */

/* Begin PBXProject section */
		29B97313FDCFA39411CA2CEA /* Project object */ = {
			isa = PBXProject;
			buildConfigurationList = C01FCF4E08A954540054247B /* Build configuration list for PBXProject "EA" */;
			compatibilityVersion = "Xcode 3.1";
			hasScannedForEncodings = 1;
			knownRegions = (
				English,
				Japanese,
				French,
				German,
				en,
				de,
				fr,
			);
			mainGroup = 29B97314FDCFA39411CA2CEA /* EA */;
			projectDirPath = "";
			projectRoot = "";
			targets = (
				8D1107260486CEB800E47090 /* EA */,
				6C15690C0F0ED50C009C7B5F /* Release */,
			);
		};
/* End PBXProject section */

/* Begin PBXResourcesBuildPhase section */
		8D1107290486CEB800E47090 /* Resources */ = {
			isa = PBXResourcesBuildPhase;
			buildActionMask = 2147483647;
			files = (
				8D11072B0486CEB800E47090 /* InfoPlist.strings in Resources */,
				6CFB92660BBC498100191CDD /* readme.html in Resources */,
				6CEAC2740BB4B3290059641A /* Localizable.strings in Resources */,
				6C54D7E00BBAFD0A00D4B7F2 /* VersionChecker.strings in Resources */,
				6CFB92680BBC499100191CDD /* Credits.html in Resources */,
				6C2928500F1A45C000B5059B /* MainMenu.xib in Resources */,
				6C292AA00F1D15CD00B5059B /* Help.css in Resources */,
				6C916E650F58C384003EA1EB /* work.png in Resources */,
				6C916E660F58C384003EA1EB /* home.png in Resources */,
				6C916EBE0F5963A4003EA1EB /* Icon Large.icns in Resources */,
			);
			runOnlyForDeploymentPostprocessing = 0;
		};
/* End PBXResourcesBuildPhase section */

/* Begin PBXShellScriptBuildPhase section */
		6C15691F0F0ED577009C7B5F /* Create zip */ = {
			isa = PBXShellScriptBuildPhase;
			buildActionMask = 2147483647;
			files = (
			);
			inputPaths = (
			);
			name = "Create zip";
			outputPaths = (
			);
			runOnlyForDeploymentPostprocessing = 0;
			shellPath = /bin/sh;
			shellScript = "# compress the distribution folder\nrm -f \"$BUILT_PRODUCTS_DIR/Earth Addresser.zip\"\ncd \"$BUILT_PRODUCTS_DIR\"\nzip -y -r \"Earth Addresser.zip\" \"Earth Addresser.app\"";
		};
/* End PBXShellScriptBuildPhase section */

/* Begin PBXSourcesBuildPhase section */
		8D11072C0486CEB800E47090 /* Sources */ = {
			isa = PBXSourcesBuildPhase;
			buildActionMask = 2147483647;
			files = (
				8D11072D0486CEB800E47090 /* main.m in Sources */,
				6CEABD5C0BB322240059641A /* Magic.m in Sources */,
				6C54D7D50BBAFCF200D4B7F2 /* VersionChecker.m in Sources */,
			);
			runOnlyForDeploymentPostprocessing = 0;
		};
/* End PBXSourcesBuildPhase section */

/* Begin PBXTargetDependency section */
		6C1569100F0ED513009C7B5F /* PBXTargetDependency */ = {
			isa = PBXTargetDependency;
			target = 8D1107260486CEB800E47090 /* EA */;
			targetProxy = 6C15690F0F0ED513009C7B5F /* PBXContainerItemProxy */;
		};
/* End PBXTargetDependency section */

/* Begin PBXVariantGroup section */
		089C165CFE840E0CC02AAC07 /* InfoPlist.strings */ = {
			isa = PBXVariantGroup;
			children = (
				6C1569EC0F0F02BD009C7B5F /* de */,
				6C1569EB0F0F02BC009C7B5F /* en */,
				6C1569ED0F0F02BF009C7B5F /* fr */,
			);
			name = InfoPlist.strings;
			sourceTree = "<group>";
		};
		6C29284E0F1A45C000B5059B /* MainMenu.xib */ = {
			isa = PBXVariantGroup;
			children = (
				6C29284F0F1A45C000B5059B /* de */,
				6C2928530F1A45DD00B5059B /* en */,
				6C2928540F1A463300B5059B /* fr */,
			);
			name = MainMenu.xib;
			sourceTree = "<group>";
		};
		6C54D7DE0BBAFD0A00D4B7F2 /* VersionChecker.strings */ = {
			isa = PBXVariantGroup;
			children = (
				6C1569E50F0F029D009C7B5F /* de */,
				6C1569E60F0F029E009C7B5F /* fr */,
				6C1569E70F0F02A1009C7B5F /* en */,
			);
			name = VersionChecker.strings;
			sourceTree = "<group>";
		};
		6CEAC2720BB4B3290059641A /* Localizable.strings */ = {
			isa = PBXVariantGroup;
			children = (
				6C1569E80F0F02A9009C7B5F /* de */,
				6C1569E90F0F02AB009C7B5F /* en */,
				6C1569EA0F0F02AD009C7B5F /* fr */,
			);
			name = Localizable.strings;
			sourceTree = "<group>";
		};
		6CFB92650BBC498100191CDD /* readme.html */ = {
			isa = PBXVariantGroup;
			children = (
				6C1569E40F0F0295009C7B5F /* de */,
				6C1569E30F0F0293009C7B5F /* en */,
			);
			name = readme.html;
			sourceTree = "<group>";
		};
		6CFB92670BBC499100191CDD /* Credits.html */ = {
			isa = PBXVariantGroup;
			children = (
				6C1569DB0F0F025F009C7B5F /* en */,
				6C1569DC0F0F026C009C7B5F /* de */,
				6C1569DD0F0F026E009C7B5F /* fr */,
			);
			name = Credits.html;
			sourceTree = "<group>";
		};
/* End PBXVariantGroup section */

/* Begin XCBuildConfiguration section */
		6C15690D0F0ED50C009C7B5F /* Debug */ = {
			isa = XCBuildConfiguration;
			buildSettings = {
				COPY_PHASE_STRIP = NO;
				GCC_DYNAMIC_NO_PIC = NO;
				GCC_OPTIMIZATION_LEVEL = 0;
				PRODUCT_NAME = Release;
			};
			name = Debug;
		};
		6C15690E0F0ED50C009C7B5F /* Release */ = {
			isa = XCBuildConfiguration;
			buildSettings = {
				COPY_PHASE_STRIP = YES;
				DEBUG_INFORMATION_FORMAT = "dwarf-with-dsym";
				GCC_ENABLE_FIX_AND_CONTINUE = NO;
				PRODUCT_NAME = Release;
				ZERO_LINK = NO;
			};
			name = Release;
		};
		C01FCF4B08A954540054247B /* Debug */ = {
			isa = XCBuildConfiguration;
			buildSettings = {
				Build_Number = 23;
				DEBUG_INFORMATION_FORMAT = "dwarf-with-dsym";
				GCC_C_LANGUAGE_STANDARD = gnu99;
				GCC_DYNAMIC_NO_PIC = NO;
				GCC_ENABLE_FIX_AND_CONTINUE = YES;
				GCC_OPTIMIZATION_LEVEL = 0;
				GCC_WARN_64_TO_32_BIT_CONVERSION = YES;
				IBC_FLATTEN_NIBS = NO;
				INFOPLIST_FILE = Info.plist;
				INSTALL_PATH = "$(HOME)/Applications";
				PRODUCT_NAME = "Earth Addresser";
				Version_Number = 2.4b3;
				WRAPPER_EXTENSION = app;
			};
			name = Debug;
		};
		C01FCF4C08A954540054247B /* Release */ = {
			isa = XCBuildConfiguration;
			buildSettings = {
				Build_Number = 23;
				INFOPLIST_FILE = Info.plist;
				INSTALL_PATH = "$(HOME)/Applications";
				PRODUCT_NAME = "Earth Addresser";
				Version_Number = 2.4b3;
				WRAPPER_EXTENSION = app;
			};
			name = Release;
		};
		C01FCF4F08A954540054247B /* Debug */ = {
			isa = XCBuildConfiguration;
			buildSettings = {
				ARCHS = "$(ARCHS_STANDARD_32_64_BIT)";
				GCC_ENABLE_CPP_RTTI = NO;
				GCC_VERSION = 4.0;
				"GCC_VERSION[arch=i386]" = 4.0;
				"GCC_VERSION[arch=ppc]" = 4.0;
				"GCC_VERSION[arch=x86_64]" = com.apple.compilers.llvm.clang.1_0;
				GCC_WARN_ABOUT_RETURN_TYPE = YES;
				GCC_WARN_UNUSED_VARIABLE = YES;
				IBC_FLATTEN_NIBS = NO;
				MACOSX_DEPLOYMENT_TARGET = 10.4;
				"MACOSX_DEPLOYMENT_TARGET[arch=i386]" = 10.4;
				"MACOSX_DEPLOYMENT_TARGET[arch=ppc]" = 10.4;
				"MACOSX_DEPLOYMENT_TARGET[arch=x86_64]" = 10.5;
				ONLY_ACTIVE_ARCH = YES;
				SDKROOT = macosx10.5;
				"SDKROOT[arch=i386]" = macosx10.4;
				"SDKROOT[arch=ppc]" = macosx10.4;
				"SDKROOT[arch=x86_64]" = macosx10.5;
			};
			name = Debug;
		};
		C01FCF5008A954540054247B /* Release */ = {
			isa = XCBuildConfiguration;
			buildSettings = {
				ARCHS = "$(ARCHS_STANDARD_32_64_BIT)";
				GCC_ENABLE_CPP_RTTI = NO;
				GCC_VERSION = 4.0;
				"GCC_VERSION[arch=i386]" = 4.0;
				"GCC_VERSION[arch=ppc]" = 4.0;
				"GCC_VERSION[arch=x86_64]" = com.apple.compilers.llvm.clang.1_0;
				GCC_WARN_ABOUT_RETURN_TYPE = YES;
				GCC_WARN_UNUSED_VARIABLE = YES;
				MACOSX_DEPLOYMENT_TARGET = 10.4;
				"MACOSX_DEPLOYMENT_TARGET[arch=i386]" = 10.4;
				"MACOSX_DEPLOYMENT_TARGET[arch=ppc]" = 10.4;
				"MACOSX_DEPLOYMENT_TARGET[arch=x86_64]" = 10.5;
				SDKROOT = macosx10.5;
				"SDKROOT[arch=i386]" = macosx10.4;
				"SDKROOT[arch=ppc]" = macosx10.4;
				"SDKROOT[arch=x86_64]" = macosx10.5;
			};
			name = Release;
		};
/* End XCBuildConfiguration section */

/* Begin XCConfigurationList section */
		6C1569150F0ED54E009C7B5F /* Build configuration list for PBXAggregateTarget "Release" */ = {
			isa = XCConfigurationList;
			buildConfigurations = (
				6C15690D0F0ED50C009C7B5F /* Debug */,
				6C15690E0F0ED50C009C7B5F /* Release */,
			);
			defaultConfigurationIsVisible = 0;
			defaultConfigurationName = Release;
		};
		C01FCF4A08A954540054247B /* Build configuration list for PBXNativeTarget "EA" */ = {
			isa = XCConfigurationList;
			buildConfigurations = (
				C01FCF4B08A954540054247B /* Debug */,
				C01FCF4C08A954540054247B /* Release */,
			);
			defaultConfigurationIsVisible = 0;
			defaultConfigurationName = Release;
		};
		C01FCF4E08A954540054247B /* Build configuration list for PBXProject "EA" */ = {
			isa = XCConfigurationList;
			buildConfigurations = (
				C01FCF4F08A954540054247B /* Debug */,
				C01FCF5008A954540054247B /* Release */,
			);
			defaultConfigurationIsVisible = 0;
			defaultConfigurationName = Release;
		};
/* End XCConfigurationList section */
	};
	rootObject = 29B97313FDCFA39411CA2CEA /* Project object */;
}
