// !$*UTF8*$!
{
	archiveVersion = 1;
	classes = {
	};
	objectVersion = 46;
	objects = {

/* Begin PBXAggregateTarget section */
		6C15690C0F0ED50C009C7B5F /* Release */ = {
			isa = PBXAggregateTarget;
			buildConfigurationList = 6C1569150F0ED54E009C7B5F /* Build configuration list for PBXAggregateTarget "Release" */;
			buildPhases = (
				6C4FBD431975AF3D0010DC7F /* Remove superfluous files */,
				6C15691F0F0ED577009C7B5F /* Create zip */,
			);
			dependencies = (
				6C1569100F0ED513009C7B5F /* PBXTargetDependency */,
			);
			name = Release;
			productName = Release;
		};
/* End PBXAggregateTarget section */

/* Begin PBXBuildFile section */
		6C1055991911AB6100FA13B7 /* CoreLocation.framework in Frameworks */ = {isa = PBXBuildFile; fileRef = 6C1055981911AB6100FA13B7 /* CoreLocation.framework */; };
		6C2928500F1A45C000B5059B /* MainMenu.xib in Resources */ = {isa = PBXBuildFile; fileRef = 6C29284E0F1A45C000B5059B /* MainMenu.xib */; };
		6C292AA00F1D15CD00B5059B /* Help.css in Resources */ = {isa = PBXBuildFile; fileRef = 6C292A9F0F1D15CD00B5059B /* Help.css */; };
		6C2A375C1981691000DBAE64 /* ESTerm.m in Sources */ = {isa = PBXBuildFile; fileRef = 6C2A375B1981691000DBAE64 /* ESTerm.m */; };
		6C2A375F1982DFCF00DBAE64 /* ESAddressLookupOperation.m in Sources */ = {isa = PBXBuildFile; fileRef = 6C2A375E1982DFCF00DBAE64 /* ESAddressLookupOperation.m */; };
		6C2A37681982EC1900DBAE64 /* ESAddressHelper.m in Sources */ = {isa = PBXBuildFile; fileRef = 6C2A37671982EC1900DBAE64 /* ESAddressHelper.m */; };
		6C2A376B19830D2C00DBAE64 /* ESCreateKMLOperation.m in Sources */ = {isa = PBXBuildFile; fileRef = 6C2A376A19830D2C00DBAE64 /* ESCreateKMLOperation.m */; };
		6C2A376E19830E0600DBAE64 /* ESEAOperation.m in Sources */ = {isa = PBXBuildFile; fileRef = 6C2A376D19830E0600DBAE64 /* ESEAOperation.m */; };
		6C4A961219870850000B7E7A /* ABGroup+ESSort.m in Sources */ = {isa = PBXBuildFile; fileRef = 6C4A961119870850000B7E7A /* ABGroup+ESSort.m */; };
		6C4A961C19870C32000B7E7A /* ESEAAppController+Inititalise.m in Sources */ = {isa = PBXBuildFile; fileRef = 6C4A961B19870C32000B7E7A /* ESEAAppController+Inititalise.m */; };
		6C4FBD39197574000010DC7F /* Sparkle.framework in Frameworks */ = {isa = PBXBuildFile; fileRef = 6C4FBD30197573CB0010DC7F /* Sparkle.framework */; };
		6C4FBD3E197578390010DC7F /* Sparkle.framework in CopyFiles */ = {isa = PBXBuildFile; fileRef = 6C4FBD30197573CB0010DC7F /* Sparkle.framework */; settings = {ATTRIBUTES = (CodeSignOnCopy, ); }; };
		6C4FE5FE19891412004C2A24 /* ABRecord+ESSort.m in Sources */ = {isa = PBXBuildFile; fileRef = 6C4FE5FD19891412004C2A24 /* ABRecord+ESSort.m */; };
		6C916E650F58C384003EA1EB /* work.png in Resources */ = {isa = PBXBuildFile; fileRef = 6C916E630F58C384003EA1EB /* work.png */; };
		6C916E660F58C384003EA1EB /* home.png in Resources */ = {isa = PBXBuildFile; fileRef = 6C916E640F58C384003EA1EB /* home.png */; };
		6C916EBE0F5963A4003EA1EB /* Icon Large.icns in Resources */ = {isa = PBXBuildFile; fileRef = 6C916EBD0F5963A4003EA1EB /* Icon Large.icns */; };
		6CEABD5C0BB322240059641A /* ESEAAppController.m in Sources */ = {isa = PBXBuildFile; fileRef = 6CEABD5B0BB322240059641A /* ESEAAppController.m */; };
		6CEABD780BB322BC0059641A /* AddressBook.framework in Frameworks */ = {isa = PBXBuildFile; fileRef = 6CEABD770BB322BC0059641A /* AddressBook.framework */; };
		6CEAC2740BB4B3290059641A /* Localizable.strings in Resources */ = {isa = PBXBuildFile; fileRef = 6CEAC2720BB4B3290059641A /* Localizable.strings */; };
		6CFB92660BBC498100191CDD /* readme.html in Resources */ = {isa = PBXBuildFile; fileRef = 6CFB92650BBC498100191CDD /* readme.html */; };
		6CFB92680BBC499100191CDD /* Credits.html in Resources */ = {isa = PBXBuildFile; fileRef = 6CFB92670BBC499100191CDD /* Credits.html */; };
		8D11072B0486CEB800E47090 /* InfoPlist.strings in Resources */ = {isa = PBXBuildFile; fileRef = 089C165CFE840E0CC02AAC07 /* InfoPlist.strings */; };
		8D11072D0486CEB800E47090 /* main.m in Sources */ = {isa = PBXBuildFile; fileRef = 29B97316FDCFA39411CA2CEA /* main.m */; settings = {ATTRIBUTES = (); }; };
		8D11072F0486CEB800E47090 /* Cocoa.framework in Frameworks */ = {isa = PBXBuildFile; fileRef = 1058C7A1FEA54F0111CA2CBB /* Cocoa.framework */; };
/* End PBXBuildFile section */

/* Begin PBXContainerItemProxy section */
		6C15690F0F0ED513009C7B5F /* PBXContainerItemProxy */ = {
			isa = PBXContainerItemProxy;
			containerPortal = 29B97313FDCFA39411CA2CEA /* Project object */;
			proxyType = 1;
			remoteGlobalIDString = 8D1107260486CEB800E47090;
			remoteInfo = EA;
		};
		6C4FBD2F197573CB0010DC7F /* PBXContainerItemProxy */ = {
			isa = PBXContainerItemProxy;
			containerPortal = 6C4FBD24197573CB0010DC7F /* Sparkle.xcodeproj */;
			proxyType = 2;
			remoteGlobalIDString = 8DC2EF5B0486A6940098B216;
			remoteInfo = Sparkle;
		};
		6C4FBD31197573CB0010DC7F /* PBXContainerItemProxy */ = {
			isa = PBXContainerItemProxy;
			containerPortal = 6C4FBD24197573CB0010DC7F /* Sparkle.xcodeproj */;
			proxyType = 2;
			remoteGlobalIDString = 61B5F90209C4CEE200B25A18;
			remoteInfo = "Sparkle Test App";
		};
		6C4FBD33197573CB0010DC7F /* PBXContainerItemProxy */ = {
			isa = PBXContainerItemProxy;
			containerPortal = 6C4FBD24197573CB0010DC7F /* Sparkle.xcodeproj */;
			proxyType = 2;
			remoteGlobalIDString = 612279D90DB5470200AB99EA;
			remoteInfo = "Sparkle Unit Tests";
		};
		6C4FBD35197573CB0010DC7F /* PBXContainerItemProxy */ = {
			isa = PBXContainerItemProxy;
			containerPortal = 6C4FBD24197573CB0010DC7F /* Sparkle.xcodeproj */;
			proxyType = 2;
			remoteGlobalIDString = 5D06E8D00FD68C7C005AE3F6;
			remoteInfo = BinaryDelta;
		};
		6C4FBD37197573CB0010DC7F /* PBXContainerItemProxy */ = {
			isa = PBXContainerItemProxy;
			containerPortal = 6C4FBD24197573CB0010DC7F /* Sparkle.xcodeproj */;
			proxyType = 2;
			remoteGlobalIDString = 55C14BB7136EEF1500649790;
			remoteInfo = Autoupdate;
		};
		6C4FBD3A197574910010DC7F /* PBXContainerItemProxy */ = {
			isa = PBXContainerItemProxy;
			containerPortal = 6C4FBD24197573CB0010DC7F /* Sparkle.xcodeproj */;
			proxyType = 1;
			remoteGlobalIDString = 8DC2EF4F0486A6940098B216;
			remoteInfo = Sparkle;
		};
/* End PBXContainerItemProxy section */

/* Begin PBXCopyFilesBuildPhase section */
		6C4FBD3D1975782B0010DC7F /* CopyFiles */ = {
			isa = PBXCopyFilesBuildPhase;
			buildActionMask = 2147483647;
			dstPath = "";
			dstSubfolderSpec = 10;
			files = (
				6C4FBD3E197578390010DC7F /* Sparkle.framework in CopyFiles */,
			);
			runOnlyForDeploymentPostprocessing = 0;
		};
/* End PBXCopyFilesBuildPhase section */

/* Begin PBXFileReference section */
		1058C7A1FEA54F0111CA2CBB /* Cocoa.framework */ = {isa = PBXFileReference; lastKnownFileType = wrapper.framework; name = Cocoa.framework; path = /System/Library/Frameworks/Cocoa.framework; sourceTree = "<absolute>"; };
		29B97316FDCFA39411CA2CEA /* main.m */ = {isa = PBXFileReference; fileEncoding = 4; lastKnownFileType = sourcecode.c.objc; name = main.m; path = Code/main.m; sourceTree = "<group>"; };
		32CA4F630368D1EE00C91783 /* EA_Prefix.pch */ = {isa = PBXFileReference; fileEncoding = 4; lastKnownFileType = sourcecode.c.h; name = EA_Prefix.pch; path = Code/EA_Prefix.pch; sourceTree = "<group>"; };
		6C1055981911AB6100FA13B7 /* CoreLocation.framework */ = {isa = PBXFileReference; lastKnownFileType = wrapper.framework; name = CoreLocation.framework; path = /System/Library/Frameworks/CoreLocation.framework; sourceTree = "<absolute>"; };
		6C10559A1911C49100FA13B7 /* net.earthlingsoft.earthaddresser.plist */ = {isa = PBXFileReference; lastKnownFileType = file.bplist; name = net.earthlingsoft.earthaddresser.plist; path = ../../Library/Preferences/net.earthlingsoft.earthaddresser.plist; sourceTree = SOURCE_ROOT; };
		6C1328FE198AD1090038C41D /* fr */ = {isa = PBXFileReference; lastKnownFileType = text.html; name = fr; path = fr.lproj/readme.html; sourceTree = "<group>"; };
		6C1569DB0F0F025F009C7B5F /* en */ = {isa = PBXFileReference; fileEncoding = 4; lastKnownFileType = text.html; name = en; path = en.lproj/Credits.html; sourceTree = "<group>"; };
		6C1569DC0F0F026C009C7B5F /* de */ = {isa = PBXFileReference; fileEncoding = 4; lastKnownFileType = text.html; name = de; path = de.lproj/Credits.html; sourceTree = "<group>"; };
		6C1569DD0F0F026E009C7B5F /* fr */ = {isa = PBXFileReference; fileEncoding = 4; lastKnownFileType = text.html; name = fr; path = fr.lproj/Credits.html; sourceTree = "<group>"; };
		6C1569E30F0F0293009C7B5F /* en */ = {isa = PBXFileReference; fileEncoding = 4; lastKnownFileType = text.html; name = en; path = en.lproj/readme.html; sourceTree = "<group>"; };
		6C1569E40F0F0295009C7B5F /* de */ = {isa = PBXFileReference; fileEncoding = 4; lastKnownFileType = text.html; name = de; path = de.lproj/readme.html; sourceTree = "<group>"; };
		6C1569E80F0F02A9009C7B5F /* de */ = {isa = PBXFileReference; fileEncoding = 4; lastKnownFileType = text.plist.strings; name = de; path = de.lproj/Localizable.strings; sourceTree = "<group>"; };
		6C1569E90F0F02AB009C7B5F /* en */ = {isa = PBXFileReference; fileEncoding = 4; lastKnownFileType = text.plist.strings; name = en; path = en.lproj/Localizable.strings; sourceTree = "<group>"; };
		6C1569EA0F0F02AD009C7B5F /* fr */ = {isa = PBXFileReference; fileEncoding = 4; lastKnownFileType = text.plist.strings; name = fr; path = fr.lproj/Localizable.strings; sourceTree = "<group>"; };
		6C1569EB0F0F02BC009C7B5F /* en */ = {isa = PBXFileReference; fileEncoding = 4; lastKnownFileType = text.plist.strings; name = en; path = en.lproj/InfoPlist.strings; sourceTree = "<group>"; };
		6C1569EC0F0F02BD009C7B5F /* de */ = {isa = PBXFileReference; fileEncoding = 4; lastKnownFileType = text.plist.strings; name = de; path = de.lproj/InfoPlist.strings; sourceTree = "<group>"; };
		6C1569ED0F0F02BF009C7B5F /* fr */ = {isa = PBXFileReference; fileEncoding = 4; lastKnownFileType = text.plist.strings; name = fr; path = fr.lproj/InfoPlist.strings; sourceTree = "<group>"; };
		6C26C4220BB711AC0001C5D3 /* Ideas.md */ = {isa = PBXFileReference; fileEncoding = 4; lastKnownFileType = net.daringfireball.markdown; path = Ideas.md; sourceTree = "<group>"; };
		6C29284F0F1A45C000B5059B /* de */ = {isa = PBXFileReference; lastKnownFileType = file.xib; name = de; path = de.lproj/MainMenu.xib; sourceTree = "<group>"; };
		6C2928530F1A45DD00B5059B /* en */ = {isa = PBXFileReference; lastKnownFileType = file.xib; name = en; path = en.lproj/MainMenu.xib; sourceTree = "<group>"; };
		6C2928540F1A463300B5059B /* fr */ = {isa = PBXFileReference; lastKnownFileType = file.xib; name = fr; path = fr.lproj/MainMenu.xib; sourceTree = "<group>"; };
		6C292A9F0F1D15CD00B5059B /* Help.css */ = {isa = PBXFileReference; fileEncoding = 4; lastKnownFileType = text.css; name = Help.css; path = Resources/Help.css; sourceTree = "<group>"; };
		6C2A375A1981691000DBAE64 /* ESTerm.h */ = {isa = PBXFileReference; fileEncoding = 4; lastKnownFileType = sourcecode.c.h; name = ESTerm.h; path = Code/ESTerm.h; sourceTree = "<group>"; };
		6C2A375B1981691000DBAE64 /* ESTerm.m */ = {isa = PBXFileReference; fileEncoding = 4; lastKnownFileType = sourcecode.c.objc; name = ESTerm.m; path = Code/ESTerm.m; sourceTree = "<group>"; };
		6C2A375D1982DFCF00DBAE64 /* ESAddressLookupOperation.h */ = {isa = PBXFileReference; fileEncoding = 4; lastKnownFileType = sourcecode.c.h; name = ESAddressLookupOperation.h; path = Code/ESAddressLookupOperation.h; sourceTree = "<group>"; };
		6C2A375E1982DFCF00DBAE64 /* ESAddressLookupOperation.m */ = {isa = PBXFileReference; fileEncoding = 4; lastKnownFileType = sourcecode.c.objc; name = ESAddressLookupOperation.m; path = Code/ESAddressLookupOperation.m; sourceTree = "<group>"; };
		6C2A37661982EC1900DBAE64 /* ESAddressHelper.h */ = {isa = PBXFileReference; fileEncoding = 4; lastKnownFileType = sourcecode.c.h; name = ESAddressHelper.h; path = Code/ESAddressHelper.h; sourceTree = "<group>"; };
		6C2A37671982EC1900DBAE64 /* ESAddressHelper.m */ = {isa = PBXFileReference; fileEncoding = 4; lastKnownFileType = sourcecode.c.objc; name = ESAddressHelper.m; path = Code/ESAddressHelper.m; sourceTree = "<group>"; };
		6C2A376919830D2C00DBAE64 /* ESCreateKMLOperation.h */ = {isa = PBXFileReference; fileEncoding = 4; lastKnownFileType = sourcecode.c.h; name = ESCreateKMLOperation.h; path = Code/ESCreateKMLOperation.h; sourceTree = "<group>"; };
		6C2A376A19830D2C00DBAE64 /* ESCreateKMLOperation.m */ = {isa = PBXFileReference; fileEncoding = 4; lastKnownFileType = sourcecode.c.objc; name = ESCreateKMLOperation.m; path = Code/ESCreateKMLOperation.m; sourceTree = "<group>"; };
		6C2A376C19830E0600DBAE64 /* ESEAOperation.h */ = {isa = PBXFileReference; fileEncoding = 4; lastKnownFileType = sourcecode.c.h; name = ESEAOperation.h; path = Code/ESEAOperation.h; sourceTree = "<group>"; };
		6C2A376D19830E0600DBAE64 /* ESEAOperation.m */ = {isa = PBXFileReference; fileEncoding = 4; lastKnownFileType = sourcecode.c.objc; name = ESEAOperation.m; path = Code/ESEAOperation.m; sourceTree = "<group>"; };
		6C4A961019870850000B7E7A /* ABGroup+ESSort.h */ = {isa = PBXFileReference; fileEncoding = 4; lastKnownFileType = sourcecode.c.h; name = "ABGroup+ESSort.h"; path = "Code/ABGroup+ESSort.h"; sourceTree = "<group>"; };
		6C4A961119870850000B7E7A /* ABGroup+ESSort.m */ = {isa = PBXFileReference; fileEncoding = 4; lastKnownFileType = sourcecode.c.objc; name = "ABGroup+ESSort.m"; path = "Code/ABGroup+ESSort.m"; sourceTree = "<group>"; };
		6C4A961B19870C32000B7E7A /* ESEAAppController+Inititalise.m */ = {isa = PBXFileReference; fileEncoding = 4; lastKnownFileType = sourcecode.c.objc; name = "ESEAAppController+Inititalise.m"; path = "Code/ESEAAppController+Inititalise.m"; sourceTree = "<group>"; };
		6C4FBD24197573CB0010DC7F /* Sparkle.xcodeproj */ = {isa = PBXFileReference; lastKnownFileType = "wrapper.pb-project"; name = Sparkle.xcodeproj; path = Sparkle/Sparkle.xcodeproj; sourceTree = "<group>"; };
		6C4FBD4119758A850010DC7F /* appcast.xml */ = {isa = PBXFileReference; fileEncoding = 4; lastKnownFileType = text.xml; name = appcast.xml; path = Web/appcast.xml; sourceTree = "<group>"; };
		6C4FBD4519766C4E0010DC7F /* Readme.md */ = {isa = PBXFileReference; fileEncoding = 4; lastKnownFileType = net.daringfireball.markdown; path = Readme.md; sourceTree = "<group>"; };
		6C4FBD4E197670B10010DC7F /* License.text */ = {isa = PBXFileReference; fileEncoding = 4; lastKnownFileType = net.daringfireball.markdown; path = License.text; sourceTree = "<group>"; };
		6C4FE5FC19891412004C2A24 /* ABRecord+ESSort.h */ = {isa = PBXFileReference; fileEncoding = 4; lastKnownFileType = sourcecode.c.h; name = "ABRecord+ESSort.h"; path = "Code/ABRecord+ESSort.h"; sourceTree = "<group>"; };
		6C4FE5FD19891412004C2A24 /* ABRecord+ESSort.m */ = {isa = PBXFileReference; fileEncoding = 4; lastKnownFileType = sourcecode.c.objc; name = "ABRecord+ESSort.m"; path = "Code/ABRecord+ESSort.m"; sourceTree = "<group>"; };
		6C916E630F58C384003EA1EB /* work.png */ = {isa = PBXFileReference; lastKnownFileType = image.png; name = work.png; path = Resources/Graphics/work.png; sourceTree = "<group>"; };
		6C916E640F58C384003EA1EB /* home.png */ = {isa = PBXFileReference; lastKnownFileType = image.png; name = home.png; path = Resources/Graphics/home.png; sourceTree = "<group>"; };
		6C916EBD0F5963A4003EA1EB /* Icon Large.icns */ = {isa = PBXFileReference; lastKnownFileType = image.icns; name = "Icon Large.icns"; path = "Resources/Icon/Icon Large.icns"; sourceTree = "<group>"; };
		6CAE962A19803B19001DCFC8 /* Failed Lookups.plist */ = {isa = PBXFileReference; fileEncoding = 4; lastKnownFileType = text.plist.xml; name = "Failed Lookups.plist"; path = "../../Library/Application Support/EarthAddresser/Failed Lookups.plist"; sourceTree = "<group>"; };
		6CAE962C19803B1F001DCFC8 /* Successful Lookups.plist */ = {isa = PBXFileReference; fileEncoding = 4; lastKnownFileType = text.plist.xml; name = "Successful Lookups.plist"; path = "../../Library/Application Support/EarthAddresser/Successful Lookups.plist"; sourceTree = "<group>"; };
		6CEABD5A0BB322240059641A /* ESEAAppController.h */ = {isa = PBXFileReference; fileEncoding = 4; lastKnownFileType = sourcecode.c.h; name = ESEAAppController.h; path = Code/ESEAAppController.h; sourceTree = "<group>"; };
		6CEABD5B0BB322240059641A /* ESEAAppController.m */ = {isa = PBXFileReference; fileEncoding = 4; lastKnownFileType = sourcecode.c.objc; name = ESEAAppController.m; path = Code/ESEAAppController.m; sourceTree = "<group>"; };
		6CEABD770BB322BC0059641A /* AddressBook.framework */ = {isa = PBXFileReference; lastKnownFileType = wrapper.framework; name = AddressBook.framework; path = /System/Library/Frameworks/AddressBook.framework; sourceTree = "<absolute>"; };
		8D1107310486CEB800E47090 /* Info.plist */ = {isa = PBXFileReference; fileEncoding = 4; lastKnownFileType = text.plist.xml; path = Info.plist; sourceTree = "<group>"; };
		8D1107320486CEB800E47090 /* Earth Addresser.app */ = {isa = PBXFileReference; explicitFileType = wrapper.application; includeInIndex = 0; path = "Earth Addresser.app"; sourceTree = BUILT_PRODUCTS_DIR; };
/* End PBXFileReference section */

/* Begin PBXFrameworksBuildPhase section */
		8D11072E0486CEB800E47090 /* Frameworks */ = {
			isa = PBXFrameworksBuildPhase;
			buildActionMask = 2147483647;
			files = (
				8D11072F0486CEB800E47090 /* Cocoa.framework in Frameworks */,
				6CEABD780BB322BC0059641A /* AddressBook.framework in Frameworks */,
				6C1055991911AB6100FA13B7 /* CoreLocation.framework in Frameworks */,
				6C4FBD39197574000010DC7F /* Sparkle.framework in Frameworks */,
			);
			runOnlyForDeploymentPostprocessing = 0;
		};
/* End PBXFrameworksBuildPhase section */

/* Begin PBXGroup section */
		080E96DDFE201D6D7F000001 /* Classes */ = {
			isa = PBXGroup;
			children = (
				6CEABD5A0BB322240059641A /* ESEAAppController.h */,
				6CEABD5B0BB322240059641A /* ESEAAppController.m */,
				6C4A961B19870C32000B7E7A /* ESEAAppController+Inititalise.m */,
				6C2A375A1981691000DBAE64 /* ESTerm.h */,
				6C2A375B1981691000DBAE64 /* ESTerm.m */,
				6C2A376C19830E0600DBAE64 /* ESEAOperation.h */,
				6C2A376D19830E0600DBAE64 /* ESEAOperation.m */,
				6C2A375D1982DFCF00DBAE64 /* ESAddressLookupOperation.h */,
				6C2A375E1982DFCF00DBAE64 /* ESAddressLookupOperation.m */,
				6C2A376919830D2C00DBAE64 /* ESCreateKMLOperation.h */,
				6C2A376A19830D2C00DBAE64 /* ESCreateKMLOperation.m */,
				6C2A37661982EC1900DBAE64 /* ESAddressHelper.h */,
				6C2A37671982EC1900DBAE64 /* ESAddressHelper.m */,
				6C4A961019870850000B7E7A /* ABGroup+ESSort.h */,
				6C4A961119870850000B7E7A /* ABGroup+ESSort.m */,
				6C4FE5FC19891412004C2A24 /* ABRecord+ESSort.h */,
				6C4FE5FD19891412004C2A24 /* ABRecord+ESSort.m */,
				32CA4F630368D1EE00C91783 /* EA_Prefix.pch */,
				29B97316FDCFA39411CA2CEA /* main.m */,
			);
			name = Classes;
			sourceTree = "<group>";
		};
		19C28FACFE9D520D11CA2CBB /* Products */ = {
			isa = PBXGroup;
			children = (
				8D1107320486CEB800E47090 /* Earth Addresser.app */,
			);
			name = Products;
			sourceTree = "<group>";
		};
		29B97314FDCFA39411CA2CEA /* EA */ = {
			isa = PBXGroup;
			children = (
				6C4FBD4519766C4E0010DC7F /* Readme.md */,
				6C26C4220BB711AC0001C5D3 /* Ideas.md */,
				6C4FBD4E197670B10010DC7F /* License.text */,
				6C4FBD4119758A850010DC7F /* appcast.xml */,
				6C10559A1911C49100FA13B7 /* net.earthlingsoft.earthaddresser.plist */,
				6CAE962C19803B1F001DCFC8 /* Successful Lookups.plist */,
				6CAE962A19803B19001DCFC8 /* Failed Lookups.plist */,
				6C4FBD24197573CB0010DC7F /* Sparkle.xcodeproj */,
				080E96DDFE201D6D7F000001 /* Classes */,
				29B97317FDCFA39411CA2CEA /* Resources */,
				29B97323FDCFA39411CA2CEA /* Frameworks */,
				19C28FACFE9D520D11CA2CBB /* Products */,
			);
			name = EA;
			sourceTree = "<group>";
		};
		29B97317FDCFA39411CA2CEA /* Resources */ = {
			isa = PBXGroup;
			children = (
				8D1107310486CEB800E47090 /* Info.plist */,
				6C29284E0F1A45C000B5059B /* MainMenu.xib */,
				6CEAC2720BB4B3290059641A /* Localizable.strings */,
				6CFB92650BBC498100191CDD /* readme.html */,
				6CFB92670BBC499100191CDD /* Credits.html */,
				089C165CFE840E0CC02AAC07 /* InfoPlist.strings */,
				6C916EBD0F5963A4003EA1EB /* Icon Large.icns */,
				6C916E630F58C384003EA1EB /* work.png */,
				6C916E640F58C384003EA1EB /* home.png */,
				6C292A9F0F1D15CD00B5059B /* Help.css */,
			);
			name = Resources;
			sourceTree = "<group>";
		};
		29B97323FDCFA39411CA2CEA /* Frameworks */ = {
			isa = PBXGroup;
			children = (
				6CEABD770BB322BC0059641A /* AddressBook.framework */,
				6C1055981911AB6100FA13B7 /* CoreLocation.framework */,
				1058C7A1FEA54F0111CA2CBB /* Cocoa.framework */,
			);
			name = Frameworks;
			sourceTree = "<group>";
		};
		6C4FBD25197573CB0010DC7F /* Products */ = {
			isa = PBXGroup;
			children = (
				6C4FBD30197573CB0010DC7F /* Sparkle.framework */,
				6C4FBD32197573CB0010DC7F /* Sparkle Test App.app */,
				6C4FBD34197573CB0010DC7F /* Sparkle Unit Tests.xctest */,
				6C4FBD36197573CB0010DC7F /* BinaryDelta */,
				6C4FBD38197573CB0010DC7F /* Autoupdate.app */,
			);
			name = Products;
			sourceTree = "<group>";
		};
/* End PBXGroup section */

/* Begin PBXNativeTarget section */
		8D1107260486CEB800E47090 /* Earth Addresser */ = {
			isa = PBXNativeTarget;
			buildConfigurationList = C01FCF4A08A954540054247B /* Build configuration list for PBXNativeTarget "Earth Addresser" */;
			buildPhases = (
				8D1107290486CEB800E47090 /* Resources */,
				8D11072C0486CEB800E47090 /* Sources */,
				8D11072E0486CEB800E47090 /* Frameworks */,
				6C4FBD3D1975782B0010DC7F /* CopyFiles */,
			);
			buildRules = (
			);
			dependencies = (
				6C4FBD3B197574910010DC7F /* PBXTargetDependency */,
			);
			name = "Earth Addresser";
			productInstallPath = "$(HOME)/Applications";
			productName = EA;
			productReference = 8D1107320486CEB800E47090 /* Earth Addresser.app */;
			productType = "com.apple.product-type.application";
		};
/* End PBXNativeTarget section */

/* Begin PBXProject section */
		29B97313FDCFA39411CA2CEA /* Project object */ = {
			isa = PBXProject;
			attributes = {
				BuildIndependentTargetsInParallel = YES;
				CLASSPREFIX = ES;
				LastUpgradeCheck = 0510;
				ORGANIZATIONNAME = earthlingsoft;
			};
			buildConfigurationList = C01FCF4E08A954540054247B /* Build configuration list for PBXProject "Earth Addresser" */;
			compatibilityVersion = "Xcode 3.2";
			developmentRegion = English;
			hasScannedForEncodings = 1;
			knownRegions = (
				English,
				Japanese,
				French,
				German,
				en,
				de,
				fr,
			);
			mainGroup = 29B97314FDCFA39411CA2CEA /* EA */;
			projectDirPath = "";
			projectReferences = (
				{
					ProductGroup = 6C4FBD25197573CB0010DC7F /* Products */;
					ProjectRef = 6C4FBD24197573CB0010DC7F /* Sparkle.xcodeproj */;
				},
			);
			projectRoot = "";
			targets = (
				8D1107260486CEB800E47090 /* Earth Addresser */,
				6C15690C0F0ED50C009C7B5F /* Release */,
			);
		};
/* End PBXProject section */

/* Begin PBXReferenceProxy section */
		6C4FBD30197573CB0010DC7F /* Sparkle.framework */ = {
			isa = PBXReferenceProxy;
			fileType = wrapper.framework;
			path = Sparkle.framework;
			remoteRef = 6C4FBD2F197573CB0010DC7F /* PBXContainerItemProxy */;
			sourceTree = BUILT_PRODUCTS_DIR;
		};
		6C4FBD32197573CB0010DC7F /* Sparkle Test App.app */ = {
			isa = PBXReferenceProxy;
			fileType = wrapper.application;
			path = "Sparkle Test App.app";
			remoteRef = 6C4FBD31197573CB0010DC7F /* PBXContainerItemProxy */;
			sourceTree = BUILT_PRODUCTS_DIR;
		};
		6C4FBD34197573CB0010DC7F /* Sparkle Unit Tests.xctest */ = {
			isa = PBXReferenceProxy;
			fileType = wrapper.cfbundle;
			path = "Sparkle Unit Tests.xctest";
			remoteRef = 6C4FBD33197573CB0010DC7F /* PBXContainerItemProxy */;
			sourceTree = BUILT_PRODUCTS_DIR;
		};
		6C4FBD36197573CB0010DC7F /* BinaryDelta */ = {
			isa = PBXReferenceProxy;
			fileType = "compiled.mach-o.executable";
			path = BinaryDelta;
			remoteRef = 6C4FBD35197573CB0010DC7F /* PBXContainerItemProxy */;
			sourceTree = BUILT_PRODUCTS_DIR;
		};
		6C4FBD38197573CB0010DC7F /* Autoupdate.app */ = {
			isa = PBXReferenceProxy;
			fileType = wrapper.application;
			path = Autoupdate.app;
			remoteRef = 6C4FBD37197573CB0010DC7F /* PBXContainerItemProxy */;
			sourceTree = BUILT_PRODUCTS_DIR;
		};
/* End PBXReferenceProxy section */

/* Begin PBXResourcesBuildPhase section */
		8D1107290486CEB800E47090 /* Resources */ = {
			isa = PBXResourcesBuildPhase;
			buildActionMask = 2147483647;
			files = (
				6C916EBE0F5963A4003EA1EB /* Icon Large.icns in Resources */,
				6C2928500F1A45C000B5059B /* MainMenu.xib in Resources */,
				8D11072B0486CEB800E47090 /* InfoPlist.strings in Resources */,
				6CEAC2740BB4B3290059641A /* Localizable.strings in Resources */,
				6CFB92680BBC499100191CDD /* Credits.html in Resources */,
				6CFB92660BBC498100191CDD /* readme.html in Resources */,
				6C292AA00F1D15CD00B5059B /* Help.css in Resources */,
				6C916E650F58C384003EA1EB /* work.png in Resources */,
				6C916E660F58C384003EA1EB /* home.png in Resources */,
			);
			runOnlyForDeploymentPostprocessing = 0;
		};
/* End PBXResourcesBuildPhase section */

/* Begin PBXShellScriptBuildPhase section */
		6C15691F0F0ED577009C7B5F /* Create zip */ = {
			isa = PBXShellScriptBuildPhase;
			buildActionMask = 2147483647;
			files = (
			);
			inputPaths = (
			);
			name = "Create zip";
			outputPaths = (
			);
			runOnlyForDeploymentPostprocessing = 0;
			shellPath = /bin/sh;
			shellScript = "# compress the distribution folder\nrm -f \"$BUILT_PRODUCTS_DIR/Earth Addresser.zip\"\ncd \"$BUILT_PRODUCTS_DIR\"\nzip -y -r \"Earth Addresser.zip\" \"Earth Addresser.app\"";
		};
		6C4FBD431975AF3D0010DC7F /* Remove superfluous files */ = {
			isa = PBXShellScriptBuildPhase;
			buildActionMask = 2147483647;
			files = (
			);
			inputPaths = (
			);
			name = "Remove superfluous files";
			outputPaths = (
			);
			runOnlyForDeploymentPostprocessing = 0;
			shellPath = /bin/sh;
			shellScript = "cd \"$BUILT_PRODUCTS_DIR/Earth Addresser.app\"\ncd \"Contents/Frameworks/Sparkle.framework\"\nrm \"Headers\"\ncd \"Versions/Current/\"\nrm -R \"Headers\"\nfind Resources | grep \"lproj$\" | grep -v \"\\(de\\|en\\|fr\\).lproj$\" | xargs rm -R";
		};
/* End PBXShellScriptBuildPhase section */

/* Begin PBXSourcesBuildPhase section */
		8D11072C0486CEB800E47090 /* Sources */ = {
			isa = PBXSourcesBuildPhase;
			buildActionMask = 2147483647;
			files = (
				8D11072D0486CEB800E47090 /* main.m in Sources */,
				6CEABD5C0BB322240059641A /* ESEAAppController.m in Sources */,
				6C4A961C19870C32000B7E7A /* ESEAAppController+Inititalise.m in Sources */,
				6C2A376E19830E0600DBAE64 /* ESEAOperation.m in Sources */,
				6C2A375F1982DFCF00DBAE64 /* ESAddressLookupOperation.m in Sources */,
				6C2A376B19830D2C00DBAE64 /* ESCreateKMLOperation.m in Sources */,
				6C2A37681982EC1900DBAE64 /* ESAddressHelper.m in Sources */,
				6C2A375C1981691000DBAE64 /* ESTerm.m in Sources */,
				6C4A961219870850000B7E7A /* ABGroup+ESSort.m in Sources */,
				6C4FE5FE19891412004C2A24 /* ABRecord+ESSort.m in Sources */,
			);
			runOnlyForDeploymentPostprocessing = 0;
		};
/* End PBXSourcesBuildPhase section */

/* Begin PBXTargetDependency section */
		6C1569100F0ED513009C7B5F /* PBXTargetDependency */ = {
			isa = PBXTargetDependency;
			target = 8D1107260486CEB800E47090 /* Earth Addresser */;
			targetProxy = 6C15690F0F0ED513009C7B5F /* PBXContainerItemProxy */;
		};
		6C4FBD3B197574910010DC7F /* PBXTargetDependency */ = {
			isa = PBXTargetDependency;
			name = Sparkle;
			targetProxy = 6C4FBD3A197574910010DC7F /* PBXContainerItemProxy */;
		};
/* End PBXTargetDependency section */

/* Begin PBXVariantGroup section */
		089C165CFE840E0CC02AAC07 /* InfoPlist.strings */ = {
			isa = PBXVariantGroup;
			children = (
				6C1569EC0F0F02BD009C7B5F /* de */,
				6C1569EB0F0F02BC009C7B5F /* en */,
				6C1569ED0F0F02BF009C7B5F /* fr */,
			);
			name = InfoPlist.strings;
			path = Resources;
			sourceTree = "<group>";
		};
		6C29284E0F1A45C000B5059B /* MainMenu.xib */ = {
			isa = PBXVariantGroup;
			children = (
				6C2928530F1A45DD00B5059B /* en */,
				6C29284F0F1A45C000B5059B /* de */,
				6C2928540F1A463300B5059B /* fr */,
			);
			name = MainMenu.xib;
			path = Resources;
			sourceTree = "<group>";
		};
		6CEAC2720BB4B3290059641A /* Localizable.strings */ = {
			isa = PBXVariantGroup;
			children = (
				6C1569E90F0F02AB009C7B5F /* en */,
				6C1569E80F0F02A9009C7B5F /* de */,
				6C1569EA0F0F02AD009C7B5F /* fr */,
			);
			name = Localizable.strings;
			path = Resources;
			sourceTree = "<group>";
		};
		6CFB92650BBC498100191CDD /* readme.html */ = {
			isa = PBXVariantGroup;
			children = (
				6C1569E30F0F0293009C7B5F /* en */,
				6C1569E40F0F0295009C7B5F /* de */,
				6C1328FE198AD1090038C41D /* fr */,
			);
			name = readme.html;
			path = Resources;
			sourceTree = "<group>";
		};
		6CFB92670BBC499100191CDD /* Credits.html */ = {
			isa = PBXVariantGroup;
			children = (
				6C1569DB0F0F025F009C7B5F /* en */,
				6C1569DC0F0F026C009C7B5F /* de */,
				6C1569DD0F0F026E009C7B5F /* fr */,
			);
			name = Credits.html;
			path = Resources;
			sourceTree = "<group>";
		};
/* End PBXVariantGroup section */

/* Begin XCBuildConfiguration section */
		6C15690D0F0ED50C009C7B5F /* Debug */ = {
			isa = XCBuildConfiguration;
			buildSettings = {
				GCC_DYNAMIC_NO_PIC = NO;
				GCC_OPTIMIZATION_LEVEL = 0;
				PRODUCT_NAME = zip;
			};
			name = Debug;
		};
		6C15690E0F0ED50C009C7B5F /* Release */ = {
			isa = XCBuildConfiguration;
			buildSettings = {
				PRODUCT_NAME = zip;
			};
			name = Release;
		};
		C01FCF4B08A954540054247B /* Debug */ = {
			isa = XCBuildConfiguration;
			buildSettings = {
				Build_Number = 34;
				CLANG_ENABLE_OBJC_ARC = YES;
				COMBINE_HIDPI_IMAGES = YES;
				GCC_OPTIMIZATION_LEVEL = 0;
				IBC_FLATTEN_NIBS = NO;
				PRODUCT_NAME = "Earth Addresser";
				Version_Number = 3;
				WRAPPER_EXTENSION = app;
			};
			name = Debug;
		};
		C01FCF4C08A954540054247B /* Release */ = {
			isa = XCBuildConfiguration;
			buildSettings = {
				Build_Number = 34;
				CLANG_ENABLE_OBJC_ARC = YES;
				COMBINE_HIDPI_IMAGES = YES;
				PRODUCT_NAME = "Earth Addresser";
				Version_Number = 3;
				WRAPPER_EXTENSION = app;
			};
			name = Release;
		};
		C01FCF4F08A954540054247B /* Debug */ = {
			isa = XCBuildConfiguration;
			buildSettings = {
				CLANG_ENABLE_OBJC_ARC = YES;
				CODE_SIGN_IDENTITY = "earthlingsoft Code Signing";
				IBC_FLATTEN_NIBS = NO;
				INFOPLIST_FILE = Info.plist;
				MACOSX_DEPLOYMENT_TARGET = 10.8;
				ONLY_ACTIVE_ARCH = YES;
				PROVISIONING_PROFILE = "";
				SDKROOT = macosx;
			};
			name = Debug;
		};
		C01FCF5008A954540054247B /* Release */ = {
			isa = XCBuildConfiguration;
			buildSettings = {
				CLANG_ENABLE_OBJC_ARC = YES;
				CODE_SIGN_IDENTITY = "earthlingsoft Code Signing";
				INFOPLIST_FILE = Info.plist;
				MACOSX_DEPLOYMENT_TARGET = 10.8;
				PROVISIONING_PROFILE = "";
				SDKROOT = macosx;
			};
			name = Release;
		};
/* End XCBuildConfiguration section */

/* Begin XCConfigurationList section */
		6C1569150F0ED54E009C7B5F /* Build configuration list for PBXAggregateTarget "Release" */ = {
			isa = XCConfigurationList;
			buildConfigurations = (
				6C15690D0F0ED50C009C7B5F /* Debug */,
				6C15690E0F0ED50C009C7B5F /* Release */,
			);
			defaultConfigurationIsVisible = 0;
			defaultConfigurationName = Release;
		};
		C01FCF4A08A954540054247B /* Build configuration list for PBXNativeTarget "Earth Addresser" */ = {
			isa = XCConfigurationList;
			buildConfigurations = (
				C01FCF4B08A954540054247B /* Debug */,
				C01FCF4C08A954540054247B /* Release */,
			);
			defaultConfigurationIsVisible = 0;
			defaultConfigurationName = Release;
		};
		C01FCF4E08A954540054247B /* Build configuration list for PBXProject "Earth Addresser" */ = {
			isa = XCConfigurationList;
			buildConfigurations = (
				C01FCF4F08A954540054247B /* Debug */,
				C01FCF5008A954540054247B /* Release */,
			);
			defaultConfigurationIsVisible = 0;
			defaultConfigurationName = Release;
		};
/* End XCConfigurationList section */
	};
	rootObject = 29B97313FDCFA39411CA2CEA /* Project object */;
}
